
Microsoft Visual Studio Solution File, Format Version 12.00
# Visual Studio Version 17
VisualStudioVersion = 17.6.33815.320
MinimumVisualStudioVersion = 10.0.40219.1
Project("{8BC9CEB8-8B4A-11D0-8D11-00A0C91BC942}") = "HomeTask", "HomeTask\HomeTask.vcxproj", "{415CEFEB-AE50-4FFC-9D6F-177EA8BFCF51}"
EndProject
Project("{8BC9CEB8-8B4A-11D0-8D11-00A0C91BC942}") = "001_Triada", "Triada\Triada.vcxproj", "{7425D060-B603-4005-AC01-2807735AB43B}"
EndProject
Project("{8BC9CEB8-8B4A-11D0-8D11-00A0C91BC942}") = "002_RegionCode", "RegionCode\RegionCode.vcxproj", "{5B70ED7F-373D-4CDB-9454-69431A436DA5}"
EndProject
Project("{8BC9CEB8-8B4A-11D0-8D11-00A0C91BC942}") = "003_Factorial", "Factorial\Factorial.vcxproj", "{519D19B0-450D-4B13-ADA6-2B7993B3DC6F}"
EndProject
Project("{8BC9CEB8-8B4A-11D0-8D11-00A0C91BC942}") = "004_calc", "calc\calc.vcxproj", "{56A54C7F-94A5-454B-8612-64A9FA00E980}"
EndProject
Project("{8BC9CEB8-8B4A-11D0-8D11-00A0C91BC942}") = "005_line", "line\line.vcxproj", "{FD2374B6-67F3-4903-8EB8-5F3F5818EC48}"
EndProject
Project("{8BC9CEB8-8B4A-11D0-8D11-00A0C91BC942}") = "006_CodePages", "006_CodePages\006_CodePages.vcxproj", "{10E1F1EF-35E5-4B75-8A3C-D57D8762097F}"
EndProject
Project("{8BC9CEB8-8B4A-11D0-8D11-00A0C91BC942}") = "007_Game_Magic_Number", "007_Game_Magic_Number\007_Game_Magic_Number.vcxproj", "{97F21A83-5672-4196-B496-B96E26A422C9}"
EndProject
Project("{8BC9CEB8-8B4A-11D0-8D11-00A0C91BC942}") = "008_Debugger", "008_Debugger\008_Debugger.vcxproj", "{41400CD2-E06A-408C-A75E-6B8815598CAB}"
EndProject
Project("{8BC9CEB8-8B4A-11D0-8D11-00A0C91BC942}") = "009_Graphics", "009_Graphics\009_Graphics.vcxproj", "{7B617ED0-E8E3-4953-9D52-B9F4BC53A29D}"
EndProject
Project("{8BC9CEB8-8B4A-11D0-8D11-00A0C91BC942}") = "010_Graphics_House", "010_Graphics_House\010_Graphics_House.vcxproj", "{769BC9E5-7DF4-453F-A6CD-AFC093DCD4E1}"
EndProject
Project("{8BC9CEB8-8B4A-11D0-8D11-00A0C91BC942}") = "011_Matrix", "011_Matrix\011_Matrix.vcxproj", "{C382DE55-897A-4119-85A8-CF611832C9C2}"
EndProject
Project("{8BC9CEB8-8B4A-11D0-8D11-00A0C91BC942}") = "012_Visible", "012_Visible\012_Visible.vcxproj", "{60EA75E0-9E86-42BA-B0D1-15408CEE02EE}"
EndProject
Global
	GlobalSection(SolutionConfigurationPlatforms) = preSolution
		Debug|x64 = Debug|x64
		Debug|x86 = Debug|x86
		Release|x64 = Release|x64
		Release|x86 = Release|x86
	EndGlobalSection
	GlobalSection(ProjectConfigurationPlatforms) = postSolution
		{415CEFEB-AE50-4FFC-9D6F-177EA8BFCF51}.Debug|x64.ActiveCfg = Debug|x64
		{415CEFEB-AE50-4FFC-9D6F-177EA8BFCF51}.Debug|x64.Build.0 = Debug|x64
		{415CEFEB-AE50-4FFC-9D6F-177EA8BFCF51}.Debug|x86.ActiveCfg = Debug|Win32
		{415CEFEB-AE50-4FFC-9D6F-177EA8BFCF51}.Debug|x86.Build.0 = Debug|Win32
		{415CEFEB-AE50-4FFC-9D6F-177EA8BFCF51}.Release|x64.ActiveCfg = Release|x64
		{415CEFEB-AE50-4FFC-9D6F-177EA8BFCF51}.Release|x64.Build.0 = Release|x64
		{415CEFEB-AE50-4FFC-9D6F-177EA8BFCF51}.Release|x86.ActiveCfg = Release|Win32
		{415CEFEB-AE50-4FFC-9D6F-177EA8BFCF51}.Release|x86.Build.0 = Release|Win32
		{7425D060-B603-4005-AC01-2807735AB43B}.Debug|x64.ActiveCfg = Debug|x64
		{7425D060-B603-4005-AC01-2807735AB43B}.Debug|x64.Build.0 = Debug|x64
		{7425D060-B603-4005-AC01-2807735AB43B}.Debug|x86.ActiveCfg = Debug|Win32
		{7425D060-B603-4005-AC01-2807735AB43B}.Debug|x86.Build.0 = Debug|Win32
		{7425D060-B603-4005-AC01-2807735AB43B}.Release|x64.ActiveCfg = Release|x64
		{7425D060-B603-4005-AC01-2807735AB43B}.Release|x64.Build.0 = Release|x64
		{7425D060-B603-4005-AC01-2807735AB43B}.Release|x86.ActiveCfg = Release|Win32
		{7425D060-B603-4005-AC01-2807735AB43B}.Release|x86.Build.0 = Release|Win32
		{5B70ED7F-373D-4CDB-9454-69431A436DA5}.Debug|x64.ActiveCfg = Debug|x64
		{5B70ED7F-373D-4CDB-9454-69431A436DA5}.Debug|x64.Build.0 = Debug|x64
		{5B70ED7F-373D-4CDB-9454-69431A436DA5}.Debug|x86.ActiveCfg = Debug|Win32
		{5B70ED7F-373D-4CDB-9454-69431A436DA5}.Debug|x86.Build.0 = Debug|Win32
		{5B70ED7F-373D-4CDB-9454-69431A436DA5}.Release|x64.ActiveCfg = Release|x64
		{5B70ED7F-373D-4CDB-9454-69431A436DA5}.Release|x64.Build.0 = Release|x64
		{5B70ED7F-373D-4CDB-9454-69431A436DA5}.Release|x86.ActiveCfg = Release|Win32
		{5B70ED7F-373D-4CDB-9454-69431A436DA5}.Release|x86.Build.0 = Release|Win32
		{519D19B0-450D-4B13-ADA6-2B7993B3DC6F}.Debug|x64.ActiveCfg = Debug|x64
		{519D19B0-450D-4B13-ADA6-2B7993B3DC6F}.Debug|x64.Build.0 = Debug|x64
		{519D19B0-450D-4B13-ADA6-2B7993B3DC6F}.Debug|x86.ActiveCfg = Debug|Win32
		{519D19B0-450D-4B13-ADA6-2B7993B3DC6F}.Debug|x86.Build.0 = Debug|Win32
		{519D19B0-450D-4B13-ADA6-2B7993B3DC6F}.Release|x64.ActiveCfg = Release|x64
		{519D19B0-450D-4B13-ADA6-2B7993B3DC6F}.Release|x64.Build.0 = Release|x64
		{519D19B0-450D-4B13-ADA6-2B7993B3DC6F}.Release|x86.ActiveCfg = Release|Win32
		{519D19B0-450D-4B13-ADA6-2B7993B3DC6F}.Release|x86.Build.0 = Release|Win32
		{56A54C7F-94A5-454B-8612-64A9FA00E980}.Debug|x64.ActiveCfg = Debug|x64
		{56A54C7F-94A5-454B-8612-64A9FA00E980}.Debug|x64.Build.0 = Debug|x64
		{56A54C7F-94A5-454B-8612-64A9FA00E980}.Debug|x86.ActiveCfg = Debug|Win32
		{56A54C7F-94A5-454B-8612-64A9FA00E980}.Debug|x86.Build.0 = Debug|Win32
		{56A54C7F-94A5-454B-8612-64A9FA00E980}.Release|x64.ActiveCfg = Release|x64
		{56A54C7F-94A5-454B-8612-64A9FA00E980}.Release|x64.Build.0 = Release|x64
		{56A54C7F-94A5-454B-8612-64A9FA00E980}.Release|x86.ActiveCfg = Release|Win32
		{56A54C7F-94A5-454B-8612-64A9FA00E980}.Release|x86.Build.0 = Release|Win32
		{FD2374B6-67F3-4903-8EB8-5F3F5818EC48}.Debug|x64.ActiveCfg = Debug|x64
		{FD2374B6-67F3-4903-8EB8-5F3F5818EC48}.Debug|x64.Build.0 = Debug|x64
		{FD2374B6-67F3-4903-8EB8-5F3F5818EC48}.Debug|x86.ActiveCfg = Debug|Win32
		{FD2374B6-67F3-4903-8EB8-5F3F5818EC48}.Debug|x86.Build.0 = Debug|Win32
		{FD2374B6-67F3-4903-8EB8-5F3F5818EC48}.Release|x64.ActiveCfg = Release|x64
		{FD2374B6-67F3-4903-8EB8-5F3F5818EC48}.Release|x64.Build.0 = Release|x64
		{FD2374B6-67F3-4903-8EB8-5F3F5818EC48}.Release|x86.ActiveCfg = Release|Win32
		{FD2374B6-67F3-4903-8EB8-5F3F5818EC48}.Release|x86.Build.0 = Release|Win32
		{10E1F1EF-35E5-4B75-8A3C-D57D8762097F}.Debug|x64.ActiveCfg = Debug|x64
		{10E1F1EF-35E5-4B75-8A3C-D57D8762097F}.Debug|x64.Build.0 = Debug|x64
		{10E1F1EF-35E5-4B75-8A3C-D57D8762097F}.Debug|x86.ActiveCfg = Debug|Win32
		{10E1F1EF-35E5-4B75-8A3C-D57D8762097F}.Debug|x86.Build.0 = Debug|Win32
		{10E1F1EF-35E5-4B75-8A3C-D57D8762097F}.Release|x64.ActiveCfg = Release|x64
		{10E1F1EF-35E5-4B75-8A3C-D57D8762097F}.Release|x64.Build.0 = Release|x64
		{10E1F1EF-35E5-4B75-8A3C-D57D8762097F}.Release|x86.ActiveCfg = Release|Win32
		{10E1F1EF-35E5-4B75-8A3C-D57D8762097F}.Release|x86.Build.0 = Release|Win32
		{97F21A83-5672-4196-B496-B96E26A422C9}.Debug|x64.ActiveCfg = Debug|x64
		{97F21A83-5672-4196-B496-B96E26A422C9}.Debug|x64.Build.0 = Debug|x64
		{97F21A83-5672-4196-B496-B96E26A422C9}.Debug|x86.ActiveCfg = Debug|Win32
		{97F21A83-5672-4196-B496-B96E26A422C9}.Debug|x86.Build.0 = Debug|Win32
		{97F21A83-5672-4196-B496-B96E26A422C9}.Release|x64.ActiveCfg = Release|x64
		{97F21A83-5672-4196-B496-B96E26A422C9}.Release|x64.Build.0 = Release|x64
		{97F21A83-5672-4196-B496-B96E26A422C9}.Release|x86.ActiveCfg = Release|Win32
		{97F21A83-5672-4196-B496-B96E26A422C9}.Release|x86.Build.0 = Release|Win32
		{41400CD2-E06A-408C-A75E-6B8815598CAB}.Debug|x64.ActiveCfg = Debug|x64
		{41400CD2-E06A-408C-A75E-6B8815598CAB}.Debug|x64.Build.0 = Debug|x64
		{41400CD2-E06A-408C-A75E-6B8815598CAB}.Debug|x86.ActiveCfg = Debug|Win32
		{41400CD2-E06A-408C-A75E-6B8815598CAB}.Debug|x86.Build.0 = Debug|Win32
		{41400CD2-E06A-408C-A75E-6B8815598CAB}.Release|x64.ActiveCfg = Release|x64
		{41400CD2-E06A-408C-A75E-6B8815598CAB}.Release|x64.Build.0 = Release|x64
		{41400CD2-E06A-408C-A75E-6B8815598CAB}.Release|x86.ActiveCfg = Release|Win32
		{41400CD2-E06A-408C-A75E-6B8815598CAB}.Release|x86.Build.0 = Release|Win32
		{7B617ED0-E8E3-4953-9D52-B9F4BC53A29D}.Debug|x64.ActiveCfg = Debug|x64
		{7B617ED0-E8E3-4953-9D52-B9F4BC53A29D}.Debug|x64.Build.0 = Debug|x64
		{7B617ED0-E8E3-4953-9D52-B9F4BC53A29D}.Debug|x86.ActiveCfg = Debug|Win32
		{7B617ED0-E8E3-4953-9D52-B9F4BC53A29D}.Debug|x86.Build.0 = Debug|Win32
		{7B617ED0-E8E3-4953-9D52-B9F4BC53A29D}.Release|x64.ActiveCfg = Release|x64
		{7B617ED0-E8E3-4953-9D52-B9F4BC53A29D}.Release|x64.Build.0 = Release|x64
		{7B617ED0-E8E3-4953-9D52-B9F4BC53A29D}.Release|x86.ActiveCfg = Release|Win32
		{7B617ED0-E8E3-4953-9D52-B9F4BC53A29D}.Release|x86.Build.0 = Release|Win32
		{769BC9E5-7DF4-453F-A6CD-AFC093DCD4E1}.Debug|x64.ActiveCfg = Debug|x64
		{769BC9E5-7DF4-453F-A6CD-AFC093DCD4E1}.Debug|x64.Build.0 = Debug|x64
		{769BC9E5-7DF4-453F-A6CD-AFC093DCD4E1}.Debug|x86.ActiveCfg = Debug|Win32
		{769BC9E5-7DF4-453F-A6CD-AFC093DCD4E1}.Debug|x86.Build.0 = Debug|Win32
		{769BC9E5-7DF4-453F-A6CD-AFC093DCD4E1}.Release|x64.ActiveCfg = Release|x64
		{769BC9E5-7DF4-453F-A6CD-AFC093DCD4E1}.Release|x64.Build.0 = Release|x64
		{769BC9E5-7DF4-453F-A6CD-AFC093DCD4E1}.Release|x86.ActiveCfg = Release|Win32
		{769BC9E5-7DF4-453F-A6CD-AFC093DCD4E1}.Release|x86.Build.0 = Release|Win32
		{C382DE55-897A-4119-85A8-CF611832C9C2}.Debug|x64.ActiveCfg = Debug|x64
		{C382DE55-897A-4119-85A8-CF611832C9C2}.Debug|x64.Build.0 = Debug|x64
		{C382DE55-897A-4119-85A8-CF611832C9C2}.Debug|x86.ActiveCfg = Debug|Win32
		{C382DE55-897A-4119-85A8-CF611832C9C2}.Debug|x86.Build.0 = Debug|Win32
		{C382DE55-897A-4119-85A8-CF611832C9C2}.Release|x64.ActiveCfg = Release|x64
		{C382DE55-897A-4119-85A8-CF611832C9C2}.Release|x64.Build.0 = Release|x64
		{C382DE55-897A-4119-85A8-CF611832C9C2}.Release|x86.ActiveCfg = Release|Win32
		{C382DE55-897A-4119-85A8-CF611832C9C2}.Release|x86.Build.0 = Release|Win32
		{60EA75E0-9E86-42BA-B0D1-15408CEE02EE}.Debug|x64.ActiveCfg = Debug|x64
		{60EA75E0-9E86-42BA-B0D1-15408CEE02EE}.Debug|x64.Build.0 = Debug|x64
		{60EA75E0-9E86-42BA-B0D1-15408CEE02EE}.Debug|x86.ActiveCfg = Debug|Win32
		{60EA75E0-9E86-42BA-B0D1-15408CEE02EE}.Debug|x86.Build.0 = Debug|Win32
		{60EA75E0-9E86-42BA-B0D1-15408CEE02EE}.Release|x64.ActiveCfg = Release|x64
		{60EA75E0-9E86-42BA-B0D1-15408CEE02EE}.Release|x64.Build.0 = Release|x64
		{60EA75E0-9E86-42BA-B0D1-15408CEE02EE}.Release|x86.ActiveCfg = Release|Win32
		{60EA75E0-9E86-42BA-B0D1-15408CEE02EE}.Release|x86.Build.0 = Release|Win32
	EndGlobalSection
	GlobalSection(SolutionProperties) = preSolution
		HideSolutionNode = FALSE
	EndGlobalSection
	GlobalSection(ExtensibilityGlobals) = postSolution
		SolutionGuid = {661CC771-B297-49C3-878E-D7BBEC39FD32}
	EndGlobalSection
EndGlobal
