
Microsoft Visual Studio Solution File, Format Version 12.00
# Visual Studio Version 17
VisualStudioVersion = 17.6.33815.320
MinimumVisualStudioVersion = 10.0.40219.1
Project("{8BC9CEB8-8B4A-11D0-8D11-00A0C91BC942}") = "HomeTask", "HomeTask\HomeTask.vcxproj", "{415CEFEB-AE50-4FFC-9D6F-177EA8BFCF51}"
EndProject
Project("{8BC9CEB8-8B4A-11D0-8D11-00A0C91BC942}") = "001_Triada", "001_Triada\001_Triada.vcxproj", "{7425D060-B603-4005-AC01-2807735AB43B}"
EndProject
Project("{8BC9CEB8-8B4A-11D0-8D11-00A0C91BC942}") = "002_RegionCode", "002_RegionCode\002_RegionCode.vcxproj", "{5B70ED7F-373D-4CDB-9454-69431A436DA5}"
EndProject
Project("{8BC9CEB8-8B4A-11D0-8D11-00A0C91BC942}") = "003_Factorial", "003_Factorial\003_Factorial.vcxproj", "{519D19B0-450D-4B13-ADA6-2B7993B3DC6F}"
EndProject
Project("{8BC9CEB8-8B4A-11D0-8D11-00A0C91BC942}") = "004_calc", "004_calc\004_calc.vcxproj", "{56A54C7F-94A5-454B-8612-64A9FA00E980}"
EndProject
Project("{8BC9CEB8-8B4A-11D0-8D11-00A0C91BC942}") = "005_line", "005_line\005_line.vcxproj", "{FD2374B6-67F3-4903-8EB8-5F3F5818EC48}"
EndProject
Project("{8BC9CEB8-8B4A-11D0-8D11-00A0C91BC942}") = "006_CodePages", "006_CodePages\006_CodePages.vcxproj", "{10E1F1EF-35E5-4B75-8A3C-D57D8762097F}"
EndProject
Project("{8BC9CEB8-8B4A-11D0-8D11-00A0C91BC942}") = "007_Game_Magic_Number", "007_Game_Magic_Number\007_Game_Magic_Number.vcxproj", "{97F21A83-5672-4196-B496-B96E26A422C9}"
EndProject
Project("{8BC9CEB8-8B4A-11D0-8D11-00A0C91BC942}") = "008_Debugger", "008_Debugger\008_Debugger.vcxproj", "{41400CD2-E06A-408C-A75E-6B8815598CAB}"
EndProject
Project("{8BC9CEB8-8B4A-11D0-8D11-00A0C91BC942}") = "009_Graphics", "009_Graphics\009_Graphics.vcxproj", "{7B617ED0-E8E3-4953-9D52-B9F4BC53A29D}"
EndProject
Project("{8BC9CEB8-8B4A-11D0-8D11-00A0C91BC942}") = "010_Graphics_House", "010_Graphics_House\010_Graphics_House.vcxproj", "{769BC9E5-7DF4-453F-A6CD-AFC093DCD4E1}"
EndProject
Project("{8BC9CEB8-8B4A-11D0-8D11-00A0C91BC942}") = "011_Matrix", "011_Matrix\011_Matrix.vcxproj", "{C382DE55-897A-4119-85A8-CF611832C9C2}"
EndProject
Project("{8BC9CEB8-8B4A-11D0-8D11-00A0C91BC942}") = "012_Visible", "012_Visible\012_Visible.vcxproj", "{60EA75E0-9E86-42BA-B0D1-15408CEE02EE}"
EndProject
Project("{8BC9CEB8-8B4A-11D0-8D11-00A0C91BC942}") = "013_Default_Argumets", "013_Default_Argumets\013_Default_Argumets.vcxproj", "{07BF05E5-F343-47C1-98F5-DB5AC1209D2E}"
EndProject
Project("{8BC9CEB8-8B4A-11D0-8D11-00A0C91BC942}") = "014_OverLoad_Functions", "014_OverLoad_Functions\014_OverLoad_Functions.vcxproj", "{91B9EDE0-AA2B-4EE1-8EEE-DF3A64037B13}"
EndProject
Project("{8BC9CEB8-8B4A-11D0-8D11-00A0C91BC942}") = "015_Equation", "015_Equation\015_Equation.vcxproj", "{7A3B6199-5447-4B1B-AD94-C3C434B321AD}"
EndProject
Project("{8BC9CEB8-8B4A-11D0-8D11-00A0C91BC942}") = "016_Template_Function", "016_Template_Function\016_Template_Function.vcxproj", "{088C6DB6-92D1-40D4-A95F-C9ABFF3A544C}"
EndProject
Project("{8BC9CEB8-8B4A-11D0-8D11-00A0C91BC942}") = "017_TemplateLineSearch", "017_TemplateLineSearch\017_TemplateLineSearch.vcxproj", "{D76FF1A8-B78C-472E-96BA-2B6D0DBEEE56}"
EndProject
Project("{8BC9CEB8-8B4A-11D0-8D11-00A0C91BC942}") = "018_TemplateSortFunction", "018_TemplateSortFunction\018_TemplateSortFunction.vcxproj", "{D1B7A9E3-6152-4FF0-8285-0C74DADC3E9C}"
EndProject
Project("{8BC9CEB8-8B4A-11D0-8D11-00A0C91BC942}") = "019_Factorial_R", "019_Factorial_R\019_Factorial_R.vcxproj", "{0AB7666E-39D8-4027-B22A-0B71572E3B30}"
EndProject
Project("{8BC9CEB8-8B4A-11D0-8D11-00A0C91BC942}") = "020_QuickSort_R", "020_QuickSort_R\020_QuickSort_R.vcxproj", "{F3099485-90BB-4D48-B079-0BADAD48828C}"
EndProject
Project("{8BC9CEB8-8B4A-11D0-8D11-00A0C91BC942}") = "020_1", "020_1\020_1.vcxproj", "{EDAAD9B6-8FA3-436C-8412-EC9ACADB5F8A}"
EndProject
Project("{8BC9CEB8-8B4A-11D0-8D11-00A0C91BC942}") = "021_Pointers", "021_Pointers\021_Pointers.vcxproj", "{DB65C2EA-41FD-4508-9D8F-B307DBA41E5E}"
EndProject
Project("{8BC9CEB8-8B4A-11D0-8D11-00A0C91BC942}") = "022_ConstPointers", "022_ConstPointers\022_ConstPointers.vcxproj", "{181C523F-3C57-4F44-91D3-A69DCFE2586D}"
EndProject
Project("{8BC9CEB8-8B4A-11D0-8D11-00A0C91BC942}") = "023_Pointers_And_Arrays", "023_Pointers_And_Arrays\023_Pointers_And_Arrays.vcxproj", "{B6FA55CA-0FEE-4762-B450-513D89F1BE75}"
EndProject
Project("{8BC9CEB8-8B4A-11D0-8D11-00A0C91BC942}") = "024_Ptr_Functions", "024_Ptr_Functions\024_Ptr_Functions.vcxproj", "{5CBC17CC-236C-4D2A-934F-AEC681B34CD3}"
EndProject
Project("{8BC9CEB8-8B4A-11D0-8D11-00A0C91BC942}") = "025_Dynamic_Memory", "025_Dynamic_Memory\025_Dynamic_Memory.vcxproj", "{316635FC-406F-41CC-9987-E7EB66F2ED2B}"
EndProject
Project("{8BC9CEB8-8B4A-11D0-8D11-00A0C91BC942}") = "026_Reference", "026_Reference\026_Reference.vcxproj", "{2DF88B6F-6A57-4557-9D12-5B524F4C990F}"
EndProject
Project("{8BC9CEB8-8B4A-11D0-8D11-00A0C91BC942}") = "027_DyanmikArray2D", "027_DyanmikArray2D\027_DyanmikArray2D.vcxproj", "{469766BC-8743-41E6-8363-ADA53217F691}"
EndProject
Project("{8BC9CEB8-8B4A-11D0-8D11-00A0C91BC942}") = "028_ReSize", "028_ReSize\028_ReSize.vcxproj", "{0D33F2E6-6C55-4C67-9FDB-9FD4CB1B5D14}"
EndProject
Project("{8BC9CEB8-8B4A-11D0-8D11-00A0C91BC942}") = "029_Stroki", "029_Stroki\029_Stroki.vcxproj", "{59C22031-A4F5-4BF0-8BE0-18252E54BD6A}"
EndProject
Project("{8BC9CEB8-8B4A-11D0-8D11-00A0C91BC942}") = "030_Pointer_Function", "030_Pointer_Function\030_Pointer_Function.vcxproj", "{572FECE7-A7C1-4DEC-A587-AD766FF7FDEB}"
EndProject
Project("{8BC9CEB8-8B4A-11D0-8D11-00A0C91BC942}") = "031_Array_Pointers_Function", "031_Array_Pointers_Function\031_Array_Pointers_Function.vcxproj", "{F6E4E251-5EFC-4B1B-A35F-24805DBCC35E}"
EndProject
Project("{8BC9CEB8-8B4A-11D0-8D11-00A0C91BC942}") = "029_1", "029_1\029_1.vcxproj", "{13FE09F6-819D-44E1-9366-E71A7BEFFBB1}"
EndProject
Project("{8BC9CEB8-8B4A-11D0-8D11-00A0C91BC942}") = "032_Struct", "032_Struct\032_Struct.vcxproj", "{76A47D7A-161A-4902-BE6C-BD579253CD54}"
EndProject
Project("{8BC9CEB8-8B4A-11D0-8D11-00A0C91BC942}") = "033_ Union", "033_ Union\033_ Union.vcxproj", "{753BD626-3ED3-49F7-BB3A-1B420CDF8C15}"
EndProject
Project("{8BC9CEB8-8B4A-11D0-8D11-00A0C91BC942}") = "034_Propusk", "034_Propusk\034_Propusk.vcxproj", "{AF31EB01-EA52-4B5B-A5E7-29D5B5F8592B}"
EndProject
Project("{8BC9CEB8-8B4A-11D0-8D11-00A0C91BC942}") = "035_Class", "035_Class\035_Class.vcxproj", "{688CF5DB-0AB8-4707-969C-5805B5E80714}"
EndProject
Project("{8BC9CEB8-8B4A-11D0-8D11-00A0C91BC942}") = "036_ClassPoint", "036_ClassPoint\036_ClassPoint.vcxproj", "{5E026BAC-2C96-48CD-85AD-D34C01689365}"
EndProject
Project("{8BC9CEB8-8B4A-11D0-8D11-00A0C91BC942}") = "037_Copy_Construsructor", "037_Copy_Construsructor\037_Copy_Construsructor.vcxproj", "{AE60EC1B-ABAF-4BB2-8434-FE1F74736719}"
EndProject
Project("{8BC9CEB8-8B4A-11D0-8D11-00A0C91BC942}") = "038_Explicit", "038_Explicit\038_Explicit.vcxproj", "{3E02A01E-AB28-4FEF-8962-3DD2C7132493}"
EndProject
Project("{8BC9CEB8-8B4A-11D0-8D11-00A0C91BC942}") = "039_Const_Field", "039_Const_Field\039_Const_Field.vcxproj", "{E1C7E21F-2D4C-4A79-9A74-29CA37CC8B20}"
EndProject
Project("{8BC9CEB8-8B4A-11D0-8D11-00A0C91BC942}") = "040_Static_Field", "040_Static_Field\040_Static_Field.vcxproj", "{073BE395-753F-461D-85F0-042817E949DE}"
EndProject
Project("{8BC9CEB8-8B4A-11D0-8D11-00A0C91BC942}") = "041_OverLoad", "041_OverLoad\041_OverLoad.vcxproj", "{3B5D351C-D704-4634-AB80-9E3601FE4DA7}"
EndProject
Project("{8BC9CEB8-8B4A-11D0-8D11-00A0C91BC942}") = "042_Friend_Ship", "042_Friend_Ship\042_Friend_Ship.vcxproj", "{F97003EF-6602-4B3A-B297-F0E26DD85B16}"
EndProject
Project("{8BC9CEB8-8B4A-11D0-8D11-00A0C91BC942}") = "043_System", "043_System\043_System.vcxproj", "{C18CF447-BED7-4FBC-9EC0-4DD918512A75}"
EndProject
Project("{8BC9CEB8-8B4A-11D0-8D11-00A0C91BC942}") = "044_Arguments", "044_Arguments\044_Arguments.vcxproj", "{74043200-FA12-4605-AFD8-24F01669C0B7}"
EndProject
Project("{8BC9CEB8-8B4A-11D0-8D11-00A0C91BC942}") = "045_Files", "045_Files\045_Files.vcxproj", "{6CA86C0A-5C58-4CC2-9DBF-483D91282BEA}"
EndProject
Project("{8BC9CEB8-8B4A-11D0-8D11-00A0C91BC942}") = "046_Exception", "046_Exception\046_Exception.vcxproj", "{9D0C9B7D-E9CF-4B8F-8BAA-AC30BE126341}"
EndProject
Project("{8BC9CEB8-8B4A-11D0-8D11-00A0C91BC942}") = "047_Pixel_files", "047_Pixel_files\047_Pixel_files.vcxproj", "{A714FFD2-3806-41D7-8656-BD051076070C}"
EndProject
Project("{8BC9CEB8-8B4A-11D0-8D11-00A0C91BC942}") = "048_Class_Array", "048_Class_Array\048_Class_Array.vcxproj", "{0EB427E8-4E12-4399-8CDD-356BE8B8573D}"
EndProject
Project("{8BC9CEB8-8B4A-11D0-8D11-00A0C91BC942}") = "010_1_graphics_house", "010_1_graphics_house\010_1_graphics_house.vcxproj", "{DAAD5E07-2B3E-4A90-9EB9-E62357B3F8F9}"
EndProject
Global
	GlobalSection(SolutionConfigurationPlatforms) = preSolution
		Debug|x64 = Debug|x64
		Debug|x86 = Debug|x86
		Release|x64 = Release|x64
		Release|x86 = Release|x86
	EndGlobalSection
	GlobalSection(ProjectConfigurationPlatforms) = postSolution
		{415CEFEB-AE50-4FFC-9D6F-177EA8BFCF51}.Debug|x64.ActiveCfg = Debug|x64
		{415CEFEB-AE50-4FFC-9D6F-177EA8BFCF51}.Debug|x64.Build.0 = Debug|x64
		{415CEFEB-AE50-4FFC-9D6F-177EA8BFCF51}.Debug|x86.ActiveCfg = Debug|Win32
		{415CEFEB-AE50-4FFC-9D6F-177EA8BFCF51}.Debug|x86.Build.0 = Debug|Win32
		{415CEFEB-AE50-4FFC-9D6F-177EA8BFCF51}.Release|x64.ActiveCfg = Release|x64
		{415CEFEB-AE50-4FFC-9D6F-177EA8BFCF51}.Release|x64.Build.0 = Release|x64
		{415CEFEB-AE50-4FFC-9D6F-177EA8BFCF51}.Release|x86.ActiveCfg = Release|Win32
		{415CEFEB-AE50-4FFC-9D6F-177EA8BFCF51}.Release|x86.Build.0 = Release|Win32
		{7425D060-B603-4005-AC01-2807735AB43B}.Debug|x64.ActiveCfg = Debug|x64
		{7425D060-B603-4005-AC01-2807735AB43B}.Debug|x64.Build.0 = Debug|x64
		{7425D060-B603-4005-AC01-2807735AB43B}.Debug|x86.ActiveCfg = Debug|Win32
		{7425D060-B603-4005-AC01-2807735AB43B}.Debug|x86.Build.0 = Debug|Win32
		{7425D060-B603-4005-AC01-2807735AB43B}.Release|x64.ActiveCfg = Release|x64
		{7425D060-B603-4005-AC01-2807735AB43B}.Release|x64.Build.0 = Release|x64
		{7425D060-B603-4005-AC01-2807735AB43B}.Release|x86.ActiveCfg = Release|Win32
		{7425D060-B603-4005-AC01-2807735AB43B}.Release|x86.Build.0 = Release|Win32
		{5B70ED7F-373D-4CDB-9454-69431A436DA5}.Debug|x64.ActiveCfg = Debug|x64
		{5B70ED7F-373D-4CDB-9454-69431A436DA5}.Debug|x64.Build.0 = Debug|x64
		{5B70ED7F-373D-4CDB-9454-69431A436DA5}.Debug|x86.ActiveCfg = Debug|Win32
		{5B70ED7F-373D-4CDB-9454-69431A436DA5}.Debug|x86.Build.0 = Debug|Win32
		{5B70ED7F-373D-4CDB-9454-69431A436DA5}.Release|x64.ActiveCfg = Release|x64
		{5B70ED7F-373D-4CDB-9454-69431A436DA5}.Release|x64.Build.0 = Release|x64
		{5B70ED7F-373D-4CDB-9454-69431A436DA5}.Release|x86.ActiveCfg = Release|Win32
		{5B70ED7F-373D-4CDB-9454-69431A436DA5}.Release|x86.Build.0 = Release|Win32
		{519D19B0-450D-4B13-ADA6-2B7993B3DC6F}.Debug|x64.ActiveCfg = Debug|x64
		{519D19B0-450D-4B13-ADA6-2B7993B3DC6F}.Debug|x64.Build.0 = Debug|x64
		{519D19B0-450D-4B13-ADA6-2B7993B3DC6F}.Debug|x86.ActiveCfg = Debug|Win32
		{519D19B0-450D-4B13-ADA6-2B7993B3DC6F}.Debug|x86.Build.0 = Debug|Win32
		{519D19B0-450D-4B13-ADA6-2B7993B3DC6F}.Release|x64.ActiveCfg = Release|x64
		{519D19B0-450D-4B13-ADA6-2B7993B3DC6F}.Release|x64.Build.0 = Release|x64
		{519D19B0-450D-4B13-ADA6-2B7993B3DC6F}.Release|x86.ActiveCfg = Release|Win32
		{519D19B0-450D-4B13-ADA6-2B7993B3DC6F}.Release|x86.Build.0 = Release|Win32
		{56A54C7F-94A5-454B-8612-64A9FA00E980}.Debug|x64.ActiveCfg = Debug|x64
		{56A54C7F-94A5-454B-8612-64A9FA00E980}.Debug|x64.Build.0 = Debug|x64
		{56A54C7F-94A5-454B-8612-64A9FA00E980}.Debug|x86.ActiveCfg = Debug|Win32
		{56A54C7F-94A5-454B-8612-64A9FA00E980}.Debug|x86.Build.0 = Debug|Win32
		{56A54C7F-94A5-454B-8612-64A9FA00E980}.Release|x64.ActiveCfg = Release|x64
		{56A54C7F-94A5-454B-8612-64A9FA00E980}.Release|x64.Build.0 = Release|x64
		{56A54C7F-94A5-454B-8612-64A9FA00E980}.Release|x86.ActiveCfg = Release|Win32
		{56A54C7F-94A5-454B-8612-64A9FA00E980}.Release|x86.Build.0 = Release|Win32
		{FD2374B6-67F3-4903-8EB8-5F3F5818EC48}.Debug|x64.ActiveCfg = Debug|x64
		{FD2374B6-67F3-4903-8EB8-5F3F5818EC48}.Debug|x64.Build.0 = Debug|x64
		{FD2374B6-67F3-4903-8EB8-5F3F5818EC48}.Debug|x86.ActiveCfg = Debug|Win32
		{FD2374B6-67F3-4903-8EB8-5F3F5818EC48}.Debug|x86.Build.0 = Debug|Win32
		{FD2374B6-67F3-4903-8EB8-5F3F5818EC48}.Release|x64.ActiveCfg = Release|x64
		{FD2374B6-67F3-4903-8EB8-5F3F5818EC48}.Release|x64.Build.0 = Release|x64
		{FD2374B6-67F3-4903-8EB8-5F3F5818EC48}.Release|x86.ActiveCfg = Release|Win32
		{FD2374B6-67F3-4903-8EB8-5F3F5818EC48}.Release|x86.Build.0 = Release|Win32
		{10E1F1EF-35E5-4B75-8A3C-D57D8762097F}.Debug|x64.ActiveCfg = Debug|x64
		{10E1F1EF-35E5-4B75-8A3C-D57D8762097F}.Debug|x64.Build.0 = Debug|x64
		{10E1F1EF-35E5-4B75-8A3C-D57D8762097F}.Debug|x86.ActiveCfg = Debug|Win32
		{10E1F1EF-35E5-4B75-8A3C-D57D8762097F}.Debug|x86.Build.0 = Debug|Win32
		{10E1F1EF-35E5-4B75-8A3C-D57D8762097F}.Release|x64.ActiveCfg = Release|x64
		{10E1F1EF-35E5-4B75-8A3C-D57D8762097F}.Release|x64.Build.0 = Release|x64
		{10E1F1EF-35E5-4B75-8A3C-D57D8762097F}.Release|x86.ActiveCfg = Release|Win32
		{10E1F1EF-35E5-4B75-8A3C-D57D8762097F}.Release|x86.Build.0 = Release|Win32
		{97F21A83-5672-4196-B496-B96E26A422C9}.Debug|x64.ActiveCfg = Debug|x64
		{97F21A83-5672-4196-B496-B96E26A422C9}.Debug|x64.Build.0 = Debug|x64
		{97F21A83-5672-4196-B496-B96E26A422C9}.Debug|x86.ActiveCfg = Debug|Win32
		{97F21A83-5672-4196-B496-B96E26A422C9}.Debug|x86.Build.0 = Debug|Win32
		{97F21A83-5672-4196-B496-B96E26A422C9}.Release|x64.ActiveCfg = Release|x64
		{97F21A83-5672-4196-B496-B96E26A422C9}.Release|x64.Build.0 = Release|x64
		{97F21A83-5672-4196-B496-B96E26A422C9}.Release|x86.ActiveCfg = Release|Win32
		{97F21A83-5672-4196-B496-B96E26A422C9}.Release|x86.Build.0 = Release|Win32
		{41400CD2-E06A-408C-A75E-6B8815598CAB}.Debug|x64.ActiveCfg = Debug|x64
		{41400CD2-E06A-408C-A75E-6B8815598CAB}.Debug|x64.Build.0 = Debug|x64
		{41400CD2-E06A-408C-A75E-6B8815598CAB}.Debug|x86.ActiveCfg = Debug|Win32
		{41400CD2-E06A-408C-A75E-6B8815598CAB}.Debug|x86.Build.0 = Debug|Win32
		{41400CD2-E06A-408C-A75E-6B8815598CAB}.Release|x64.ActiveCfg = Release|x64
		{41400CD2-E06A-408C-A75E-6B8815598CAB}.Release|x64.Build.0 = Release|x64
		{41400CD2-E06A-408C-A75E-6B8815598CAB}.Release|x86.ActiveCfg = Release|Win32
		{41400CD2-E06A-408C-A75E-6B8815598CAB}.Release|x86.Build.0 = Release|Win32
		{7B617ED0-E8E3-4953-9D52-B9F4BC53A29D}.Debug|x64.ActiveCfg = Debug|x64
		{7B617ED0-E8E3-4953-9D52-B9F4BC53A29D}.Debug|x64.Build.0 = Debug|x64
		{7B617ED0-E8E3-4953-9D52-B9F4BC53A29D}.Debug|x86.ActiveCfg = Debug|Win32
		{7B617ED0-E8E3-4953-9D52-B9F4BC53A29D}.Debug|x86.Build.0 = Debug|Win32
		{7B617ED0-E8E3-4953-9D52-B9F4BC53A29D}.Release|x64.ActiveCfg = Release|x64
		{7B617ED0-E8E3-4953-9D52-B9F4BC53A29D}.Release|x64.Build.0 = Release|x64
		{7B617ED0-E8E3-4953-9D52-B9F4BC53A29D}.Release|x86.ActiveCfg = Release|Win32
		{7B617ED0-E8E3-4953-9D52-B9F4BC53A29D}.Release|x86.Build.0 = Release|Win32
		{769BC9E5-7DF4-453F-A6CD-AFC093DCD4E1}.Debug|x64.ActiveCfg = Debug|x64
		{769BC9E5-7DF4-453F-A6CD-AFC093DCD4E1}.Debug|x64.Build.0 = Debug|x64
		{769BC9E5-7DF4-453F-A6CD-AFC093DCD4E1}.Debug|x86.ActiveCfg = Debug|Win32
		{769BC9E5-7DF4-453F-A6CD-AFC093DCD4E1}.Debug|x86.Build.0 = Debug|Win32
		{769BC9E5-7DF4-453F-A6CD-AFC093DCD4E1}.Release|x64.ActiveCfg = Release|x64
		{769BC9E5-7DF4-453F-A6CD-AFC093DCD4E1}.Release|x64.Build.0 = Release|x64
		{769BC9E5-7DF4-453F-A6CD-AFC093DCD4E1}.Release|x86.ActiveCfg = Release|Win32
		{769BC9E5-7DF4-453F-A6CD-AFC093DCD4E1}.Release|x86.Build.0 = Release|Win32
		{C382DE55-897A-4119-85A8-CF611832C9C2}.Debug|x64.ActiveCfg = Debug|x64
		{C382DE55-897A-4119-85A8-CF611832C9C2}.Debug|x64.Build.0 = Debug|x64
		{C382DE55-897A-4119-85A8-CF611832C9C2}.Debug|x86.ActiveCfg = Debug|Win32
		{C382DE55-897A-4119-85A8-CF611832C9C2}.Debug|x86.Build.0 = Debug|Win32
		{C382DE55-897A-4119-85A8-CF611832C9C2}.Release|x64.ActiveCfg = Release|x64
		{C382DE55-897A-4119-85A8-CF611832C9C2}.Release|x64.Build.0 = Release|x64
		{C382DE55-897A-4119-85A8-CF611832C9C2}.Release|x86.ActiveCfg = Release|Win32
		{C382DE55-897A-4119-85A8-CF611832C9C2}.Release|x86.Build.0 = Release|Win32
		{60EA75E0-9E86-42BA-B0D1-15408CEE02EE}.Debug|x64.ActiveCfg = Debug|x64
		{60EA75E0-9E86-42BA-B0D1-15408CEE02EE}.Debug|x64.Build.0 = Debug|x64
		{60EA75E0-9E86-42BA-B0D1-15408CEE02EE}.Debug|x86.ActiveCfg = Debug|Win32
		{60EA75E0-9E86-42BA-B0D1-15408CEE02EE}.Debug|x86.Build.0 = Debug|Win32
		{60EA75E0-9E86-42BA-B0D1-15408CEE02EE}.Release|x64.ActiveCfg = Release|x64
		{60EA75E0-9E86-42BA-B0D1-15408CEE02EE}.Release|x64.Build.0 = Release|x64
		{60EA75E0-9E86-42BA-B0D1-15408CEE02EE}.Release|x86.ActiveCfg = Release|Win32
		{60EA75E0-9E86-42BA-B0D1-15408CEE02EE}.Release|x86.Build.0 = Release|Win32
		{07BF05E5-F343-47C1-98F5-DB5AC1209D2E}.Debug|x64.ActiveCfg = Debug|x64
		{07BF05E5-F343-47C1-98F5-DB5AC1209D2E}.Debug|x64.Build.0 = Debug|x64
		{07BF05E5-F343-47C1-98F5-DB5AC1209D2E}.Debug|x86.ActiveCfg = Debug|Win32
		{07BF05E5-F343-47C1-98F5-DB5AC1209D2E}.Debug|x86.Build.0 = Debug|Win32
		{07BF05E5-F343-47C1-98F5-DB5AC1209D2E}.Release|x64.ActiveCfg = Release|x64
		{07BF05E5-F343-47C1-98F5-DB5AC1209D2E}.Release|x64.Build.0 = Release|x64
		{07BF05E5-F343-47C1-98F5-DB5AC1209D2E}.Release|x86.ActiveCfg = Release|Win32
		{07BF05E5-F343-47C1-98F5-DB5AC1209D2E}.Release|x86.Build.0 = Release|Win32
		{91B9EDE0-AA2B-4EE1-8EEE-DF3A64037B13}.Debug|x64.ActiveCfg = Debug|x64
		{91B9EDE0-AA2B-4EE1-8EEE-DF3A64037B13}.Debug|x64.Build.0 = Debug|x64
		{91B9EDE0-AA2B-4EE1-8EEE-DF3A64037B13}.Debug|x86.ActiveCfg = Debug|Win32
		{91B9EDE0-AA2B-4EE1-8EEE-DF3A64037B13}.Debug|x86.Build.0 = Debug|Win32
		{91B9EDE0-AA2B-4EE1-8EEE-DF3A64037B13}.Release|x64.ActiveCfg = Release|x64
		{91B9EDE0-AA2B-4EE1-8EEE-DF3A64037B13}.Release|x64.Build.0 = Release|x64
		{91B9EDE0-AA2B-4EE1-8EEE-DF3A64037B13}.Release|x86.ActiveCfg = Release|Win32
		{91B9EDE0-AA2B-4EE1-8EEE-DF3A64037B13}.Release|x86.Build.0 = Release|Win32
		{7A3B6199-5447-4B1B-AD94-C3C434B321AD}.Debug|x64.ActiveCfg = Debug|x64
		{7A3B6199-5447-4B1B-AD94-C3C434B321AD}.Debug|x64.Build.0 = Debug|x64
		{7A3B6199-5447-4B1B-AD94-C3C434B321AD}.Debug|x86.ActiveCfg = Debug|Win32
		{7A3B6199-5447-4B1B-AD94-C3C434B321AD}.Debug|x86.Build.0 = Debug|Win32
		{7A3B6199-5447-4B1B-AD94-C3C434B321AD}.Release|x64.ActiveCfg = Release|x64
		{7A3B6199-5447-4B1B-AD94-C3C434B321AD}.Release|x64.Build.0 = Release|x64
		{7A3B6199-5447-4B1B-AD94-C3C434B321AD}.Release|x86.ActiveCfg = Release|Win32
		{7A3B6199-5447-4B1B-AD94-C3C434B321AD}.Release|x86.Build.0 = Release|Win32
		{088C6DB6-92D1-40D4-A95F-C9ABFF3A544C}.Debug|x64.ActiveCfg = Debug|x64
		{088C6DB6-92D1-40D4-A95F-C9ABFF3A544C}.Debug|x64.Build.0 = Debug|x64
		{088C6DB6-92D1-40D4-A95F-C9ABFF3A544C}.Debug|x86.ActiveCfg = Debug|Win32
		{088C6DB6-92D1-40D4-A95F-C9ABFF3A544C}.Debug|x86.Build.0 = Debug|Win32
		{088C6DB6-92D1-40D4-A95F-C9ABFF3A544C}.Release|x64.ActiveCfg = Release|x64
		{088C6DB6-92D1-40D4-A95F-C9ABFF3A544C}.Release|x64.Build.0 = Release|x64
		{088C6DB6-92D1-40D4-A95F-C9ABFF3A544C}.Release|x86.ActiveCfg = Release|Win32
		{088C6DB6-92D1-40D4-A95F-C9ABFF3A544C}.Release|x86.Build.0 = Release|Win32
		{D76FF1A8-B78C-472E-96BA-2B6D0DBEEE56}.Debug|x64.ActiveCfg = Debug|x64
		{D76FF1A8-B78C-472E-96BA-2B6D0DBEEE56}.Debug|x64.Build.0 = Debug|x64
		{D76FF1A8-B78C-472E-96BA-2B6D0DBEEE56}.Debug|x86.ActiveCfg = Debug|Win32
		{D76FF1A8-B78C-472E-96BA-2B6D0DBEEE56}.Debug|x86.Build.0 = Debug|Win32
		{D76FF1A8-B78C-472E-96BA-2B6D0DBEEE56}.Release|x64.ActiveCfg = Release|x64
		{D76FF1A8-B78C-472E-96BA-2B6D0DBEEE56}.Release|x64.Build.0 = Release|x64
		{D76FF1A8-B78C-472E-96BA-2B6D0DBEEE56}.Release|x86.ActiveCfg = Release|Win32
		{D76FF1A8-B78C-472E-96BA-2B6D0DBEEE56}.Release|x86.Build.0 = Release|Win32
		{D1B7A9E3-6152-4FF0-8285-0C74DADC3E9C}.Debug|x64.ActiveCfg = Debug|x64
		{D1B7A9E3-6152-4FF0-8285-0C74DADC3E9C}.Debug|x64.Build.0 = Debug|x64
		{D1B7A9E3-6152-4FF0-8285-0C74DADC3E9C}.Debug|x86.ActiveCfg = Debug|Win32
		{D1B7A9E3-6152-4FF0-8285-0C74DADC3E9C}.Debug|x86.Build.0 = Debug|Win32
		{D1B7A9E3-6152-4FF0-8285-0C74DADC3E9C}.Release|x64.ActiveCfg = Release|x64
		{D1B7A9E3-6152-4FF0-8285-0C74DADC3E9C}.Release|x64.Build.0 = Release|x64
		{D1B7A9E3-6152-4FF0-8285-0C74DADC3E9C}.Release|x86.ActiveCfg = Release|Win32
		{D1B7A9E3-6152-4FF0-8285-0C74DADC3E9C}.Release|x86.Build.0 = Release|Win32
		{0AB7666E-39D8-4027-B22A-0B71572E3B30}.Debug|x64.ActiveCfg = Debug|x64
		{0AB7666E-39D8-4027-B22A-0B71572E3B30}.Debug|x64.Build.0 = Debug|x64
		{0AB7666E-39D8-4027-B22A-0B71572E3B30}.Debug|x86.ActiveCfg = Debug|Win32
		{0AB7666E-39D8-4027-B22A-0B71572E3B30}.Debug|x86.Build.0 = Debug|Win32
		{0AB7666E-39D8-4027-B22A-0B71572E3B30}.Release|x64.ActiveCfg = Release|x64
		{0AB7666E-39D8-4027-B22A-0B71572E3B30}.Release|x64.Build.0 = Release|x64
		{0AB7666E-39D8-4027-B22A-0B71572E3B30}.Release|x86.ActiveCfg = Release|Win32
		{0AB7666E-39D8-4027-B22A-0B71572E3B30}.Release|x86.Build.0 = Release|Win32
		{F3099485-90BB-4D48-B079-0BADAD48828C}.Debug|x64.ActiveCfg = Debug|x64
		{F3099485-90BB-4D48-B079-0BADAD48828C}.Debug|x64.Build.0 = Debug|x64
		{F3099485-90BB-4D48-B079-0BADAD48828C}.Debug|x86.ActiveCfg = Debug|Win32
		{F3099485-90BB-4D48-B079-0BADAD48828C}.Debug|x86.Build.0 = Debug|Win32
		{F3099485-90BB-4D48-B079-0BADAD48828C}.Release|x64.ActiveCfg = Release|x64
		{F3099485-90BB-4D48-B079-0BADAD48828C}.Release|x64.Build.0 = Release|x64
		{F3099485-90BB-4D48-B079-0BADAD48828C}.Release|x86.ActiveCfg = Release|Win32
		{F3099485-90BB-4D48-B079-0BADAD48828C}.Release|x86.Build.0 = Release|Win32
		{EDAAD9B6-8FA3-436C-8412-EC9ACADB5F8A}.Debug|x64.ActiveCfg = Debug|x64
		{EDAAD9B6-8FA3-436C-8412-EC9ACADB5F8A}.Debug|x64.Build.0 = Debug|x64
		{EDAAD9B6-8FA3-436C-8412-EC9ACADB5F8A}.Debug|x86.ActiveCfg = Debug|Win32
		{EDAAD9B6-8FA3-436C-8412-EC9ACADB5F8A}.Debug|x86.Build.0 = Debug|Win32
		{EDAAD9B6-8FA3-436C-8412-EC9ACADB5F8A}.Release|x64.ActiveCfg = Release|x64
		{EDAAD9B6-8FA3-436C-8412-EC9ACADB5F8A}.Release|x64.Build.0 = Release|x64
		{EDAAD9B6-8FA3-436C-8412-EC9ACADB5F8A}.Release|x86.ActiveCfg = Release|Win32
		{EDAAD9B6-8FA3-436C-8412-EC9ACADB5F8A}.Release|x86.Build.0 = Release|Win32
		{DB65C2EA-41FD-4508-9D8F-B307DBA41E5E}.Debug|x64.ActiveCfg = Debug|x64
		{DB65C2EA-41FD-4508-9D8F-B307DBA41E5E}.Debug|x64.Build.0 = Debug|x64
		{DB65C2EA-41FD-4508-9D8F-B307DBA41E5E}.Debug|x86.ActiveCfg = Debug|Win32
		{DB65C2EA-41FD-4508-9D8F-B307DBA41E5E}.Debug|x86.Build.0 = Debug|Win32
		{DB65C2EA-41FD-4508-9D8F-B307DBA41E5E}.Release|x64.ActiveCfg = Release|x64
		{DB65C2EA-41FD-4508-9D8F-B307DBA41E5E}.Release|x64.Build.0 = Release|x64
		{DB65C2EA-41FD-4508-9D8F-B307DBA41E5E}.Release|x86.ActiveCfg = Release|Win32
		{DB65C2EA-41FD-4508-9D8F-B307DBA41E5E}.Release|x86.Build.0 = Release|Win32
		{181C523F-3C57-4F44-91D3-A69DCFE2586D}.Debug|x64.ActiveCfg = Debug|x64
		{181C523F-3C57-4F44-91D3-A69DCFE2586D}.Debug|x64.Build.0 = Debug|x64
		{181C523F-3C57-4F44-91D3-A69DCFE2586D}.Debug|x86.ActiveCfg = Debug|Win32
		{181C523F-3C57-4F44-91D3-A69DCFE2586D}.Debug|x86.Build.0 = Debug|Win32
		{181C523F-3C57-4F44-91D3-A69DCFE2586D}.Release|x64.ActiveCfg = Release|x64
		{181C523F-3C57-4F44-91D3-A69DCFE2586D}.Release|x64.Build.0 = Release|x64
		{181C523F-3C57-4F44-91D3-A69DCFE2586D}.Release|x86.ActiveCfg = Release|Win32
		{181C523F-3C57-4F44-91D3-A69DCFE2586D}.Release|x86.Build.0 = Release|Win32
		{B6FA55CA-0FEE-4762-B450-513D89F1BE75}.Debug|x64.ActiveCfg = Debug|x64
		{B6FA55CA-0FEE-4762-B450-513D89F1BE75}.Debug|x64.Build.0 = Debug|x64
		{B6FA55CA-0FEE-4762-B450-513D89F1BE75}.Debug|x86.ActiveCfg = Debug|Win32
		{B6FA55CA-0FEE-4762-B450-513D89F1BE75}.Debug|x86.Build.0 = Debug|Win32
		{B6FA55CA-0FEE-4762-B450-513D89F1BE75}.Release|x64.ActiveCfg = Release|x64
		{B6FA55CA-0FEE-4762-B450-513D89F1BE75}.Release|x64.Build.0 = Release|x64
		{B6FA55CA-0FEE-4762-B450-513D89F1BE75}.Release|x86.ActiveCfg = Release|Win32
		{B6FA55CA-0FEE-4762-B450-513D89F1BE75}.Release|x86.Build.0 = Release|Win32
		{5CBC17CC-236C-4D2A-934F-AEC681B34CD3}.Debug|x64.ActiveCfg = Debug|x64
		{5CBC17CC-236C-4D2A-934F-AEC681B34CD3}.Debug|x64.Build.0 = Debug|x64
		{5CBC17CC-236C-4D2A-934F-AEC681B34CD3}.Debug|x86.ActiveCfg = Debug|Win32
		{5CBC17CC-236C-4D2A-934F-AEC681B34CD3}.Debug|x86.Build.0 = Debug|Win32
		{5CBC17CC-236C-4D2A-934F-AEC681B34CD3}.Release|x64.ActiveCfg = Release|x64
		{5CBC17CC-236C-4D2A-934F-AEC681B34CD3}.Release|x64.Build.0 = Release|x64
		{5CBC17CC-236C-4D2A-934F-AEC681B34CD3}.Release|x86.ActiveCfg = Release|Win32
		{5CBC17CC-236C-4D2A-934F-AEC681B34CD3}.Release|x86.Build.0 = Release|Win32
		{316635FC-406F-41CC-9987-E7EB66F2ED2B}.Debug|x64.ActiveCfg = Debug|x64
		{316635FC-406F-41CC-9987-E7EB66F2ED2B}.Debug|x64.Build.0 = Debug|x64
		{316635FC-406F-41CC-9987-E7EB66F2ED2B}.Debug|x86.ActiveCfg = Debug|Win32
		{316635FC-406F-41CC-9987-E7EB66F2ED2B}.Debug|x86.Build.0 = Debug|Win32
		{316635FC-406F-41CC-9987-E7EB66F2ED2B}.Release|x64.ActiveCfg = Release|x64
		{316635FC-406F-41CC-9987-E7EB66F2ED2B}.Release|x64.Build.0 = Release|x64
		{316635FC-406F-41CC-9987-E7EB66F2ED2B}.Release|x86.ActiveCfg = Release|Win32
		{316635FC-406F-41CC-9987-E7EB66F2ED2B}.Release|x86.Build.0 = Release|Win32
		{2DF88B6F-6A57-4557-9D12-5B524F4C990F}.Debug|x64.ActiveCfg = Debug|x64
		{2DF88B6F-6A57-4557-9D12-5B524F4C990F}.Debug|x64.Build.0 = Debug|x64
		{2DF88B6F-6A57-4557-9D12-5B524F4C990F}.Debug|x86.ActiveCfg = Debug|Win32
		{2DF88B6F-6A57-4557-9D12-5B524F4C990F}.Debug|x86.Build.0 = Debug|Win32
		{2DF88B6F-6A57-4557-9D12-5B524F4C990F}.Release|x64.ActiveCfg = Release|x64
		{2DF88B6F-6A57-4557-9D12-5B524F4C990F}.Release|x64.Build.0 = Release|x64
		{2DF88B6F-6A57-4557-9D12-5B524F4C990F}.Release|x86.ActiveCfg = Release|Win32
		{2DF88B6F-6A57-4557-9D12-5B524F4C990F}.Release|x86.Build.0 = Release|Win32
		{469766BC-8743-41E6-8363-ADA53217F691}.Debug|x64.ActiveCfg = Debug|x64
		{469766BC-8743-41E6-8363-ADA53217F691}.Debug|x64.Build.0 = Debug|x64
		{469766BC-8743-41E6-8363-ADA53217F691}.Debug|x86.ActiveCfg = Debug|Win32
		{469766BC-8743-41E6-8363-ADA53217F691}.Debug|x86.Build.0 = Debug|Win32
		{469766BC-8743-41E6-8363-ADA53217F691}.Release|x64.ActiveCfg = Release|x64
		{469766BC-8743-41E6-8363-ADA53217F691}.Release|x64.Build.0 = Release|x64
		{469766BC-8743-41E6-8363-ADA53217F691}.Release|x86.ActiveCfg = Release|Win32
		{469766BC-8743-41E6-8363-ADA53217F691}.Release|x86.Build.0 = Release|Win32
		{0D33F2E6-6C55-4C67-9FDB-9FD4CB1B5D14}.Debug|x64.ActiveCfg = Debug|x64
		{0D33F2E6-6C55-4C67-9FDB-9FD4CB1B5D14}.Debug|x64.Build.0 = Debug|x64
		{0D33F2E6-6C55-4C67-9FDB-9FD4CB1B5D14}.Debug|x86.ActiveCfg = Debug|Win32
		{0D33F2E6-6C55-4C67-9FDB-9FD4CB1B5D14}.Debug|x86.Build.0 = Debug|Win32
		{0D33F2E6-6C55-4C67-9FDB-9FD4CB1B5D14}.Release|x64.ActiveCfg = Release|x64
		{0D33F2E6-6C55-4C67-9FDB-9FD4CB1B5D14}.Release|x64.Build.0 = Release|x64
		{0D33F2E6-6C55-4C67-9FDB-9FD4CB1B5D14}.Release|x86.ActiveCfg = Release|Win32
		{0D33F2E6-6C55-4C67-9FDB-9FD4CB1B5D14}.Release|x86.Build.0 = Release|Win32
		{59C22031-A4F5-4BF0-8BE0-18252E54BD6A}.Debug|x64.ActiveCfg = Debug|x64
		{59C22031-A4F5-4BF0-8BE0-18252E54BD6A}.Debug|x64.Build.0 = Debug|x64
		{59C22031-A4F5-4BF0-8BE0-18252E54BD6A}.Debug|x86.ActiveCfg = Debug|Win32
		{59C22031-A4F5-4BF0-8BE0-18252E54BD6A}.Debug|x86.Build.0 = Debug|Win32
		{59C22031-A4F5-4BF0-8BE0-18252E54BD6A}.Release|x64.ActiveCfg = Release|x64
		{59C22031-A4F5-4BF0-8BE0-18252E54BD6A}.Release|x64.Build.0 = Release|x64
		{59C22031-A4F5-4BF0-8BE0-18252E54BD6A}.Release|x86.ActiveCfg = Release|Win32
		{59C22031-A4F5-4BF0-8BE0-18252E54BD6A}.Release|x86.Build.0 = Release|Win32
		{572FECE7-A7C1-4DEC-A587-AD766FF7FDEB}.Debug|x64.ActiveCfg = Debug|x64
		{572FECE7-A7C1-4DEC-A587-AD766FF7FDEB}.Debug|x64.Build.0 = Debug|x64
		{572FECE7-A7C1-4DEC-A587-AD766FF7FDEB}.Debug|x86.ActiveCfg = Debug|Win32
		{572FECE7-A7C1-4DEC-A587-AD766FF7FDEB}.Debug|x86.Build.0 = Debug|Win32
		{572FECE7-A7C1-4DEC-A587-AD766FF7FDEB}.Release|x64.ActiveCfg = Release|x64
		{572FECE7-A7C1-4DEC-A587-AD766FF7FDEB}.Release|x64.Build.0 = Release|x64
		{572FECE7-A7C1-4DEC-A587-AD766FF7FDEB}.Release|x86.ActiveCfg = Release|Win32
		{572FECE7-A7C1-4DEC-A587-AD766FF7FDEB}.Release|x86.Build.0 = Release|Win32
		{F6E4E251-5EFC-4B1B-A35F-24805DBCC35E}.Debug|x64.ActiveCfg = Debug|x64
		{F6E4E251-5EFC-4B1B-A35F-24805DBCC35E}.Debug|x64.Build.0 = Debug|x64
		{F6E4E251-5EFC-4B1B-A35F-24805DBCC35E}.Debug|x86.ActiveCfg = Debug|Win32
		{F6E4E251-5EFC-4B1B-A35F-24805DBCC35E}.Debug|x86.Build.0 = Debug|Win32
		{F6E4E251-5EFC-4B1B-A35F-24805DBCC35E}.Release|x64.ActiveCfg = Release|x64
		{F6E4E251-5EFC-4B1B-A35F-24805DBCC35E}.Release|x64.Build.0 = Release|x64
		{F6E4E251-5EFC-4B1B-A35F-24805DBCC35E}.Release|x86.ActiveCfg = Release|Win32
		{F6E4E251-5EFC-4B1B-A35F-24805DBCC35E}.Release|x86.Build.0 = Release|Win32
		{13FE09F6-819D-44E1-9366-E71A7BEFFBB1}.Debug|x64.ActiveCfg = Debug|x64
		{13FE09F6-819D-44E1-9366-E71A7BEFFBB1}.Debug|x64.Build.0 = Debug|x64
		{13FE09F6-819D-44E1-9366-E71A7BEFFBB1}.Debug|x86.ActiveCfg = Debug|Win32
		{13FE09F6-819D-44E1-9366-E71A7BEFFBB1}.Debug|x86.Build.0 = Debug|Win32
		{13FE09F6-819D-44E1-9366-E71A7BEFFBB1}.Release|x64.ActiveCfg = Release|x64
		{13FE09F6-819D-44E1-9366-E71A7BEFFBB1}.Release|x64.Build.0 = Release|x64
		{13FE09F6-819D-44E1-9366-E71A7BEFFBB1}.Release|x86.ActiveCfg = Release|Win32
		{13FE09F6-819D-44E1-9366-E71A7BEFFBB1}.Release|x86.Build.0 = Release|Win32
		{76A47D7A-161A-4902-BE6C-BD579253CD54}.Debug|x64.ActiveCfg = Debug|x64
		{76A47D7A-161A-4902-BE6C-BD579253CD54}.Debug|x64.Build.0 = Debug|x64
		{76A47D7A-161A-4902-BE6C-BD579253CD54}.Debug|x86.ActiveCfg = Debug|Win32
		{76A47D7A-161A-4902-BE6C-BD579253CD54}.Debug|x86.Build.0 = Debug|Win32
		{76A47D7A-161A-4902-BE6C-BD579253CD54}.Release|x64.ActiveCfg = Release|x64
		{76A47D7A-161A-4902-BE6C-BD579253CD54}.Release|x64.Build.0 = Release|x64
		{76A47D7A-161A-4902-BE6C-BD579253CD54}.Release|x86.ActiveCfg = Release|Win32
		{76A47D7A-161A-4902-BE6C-BD579253CD54}.Release|x86.Build.0 = Release|Win32
		{753BD626-3ED3-49F7-BB3A-1B420CDF8C15}.Debug|x64.ActiveCfg = Debug|x64
		{753BD626-3ED3-49F7-BB3A-1B420CDF8C15}.Debug|x64.Build.0 = Debug|x64
		{753BD626-3ED3-49F7-BB3A-1B420CDF8C15}.Debug|x86.ActiveCfg = Debug|Win32
		{753BD626-3ED3-49F7-BB3A-1B420CDF8C15}.Debug|x86.Build.0 = Debug|Win32
		{753BD626-3ED3-49F7-BB3A-1B420CDF8C15}.Release|x64.ActiveCfg = Release|x64
		{753BD626-3ED3-49F7-BB3A-1B420CDF8C15}.Release|x64.Build.0 = Release|x64
		{753BD626-3ED3-49F7-BB3A-1B420CDF8C15}.Release|x86.ActiveCfg = Release|Win32
		{753BD626-3ED3-49F7-BB3A-1B420CDF8C15}.Release|x86.Build.0 = Release|Win32
		{AF31EB01-EA52-4B5B-A5E7-29D5B5F8592B}.Debug|x64.ActiveCfg = Debug|x64
		{AF31EB01-EA52-4B5B-A5E7-29D5B5F8592B}.Debug|x64.Build.0 = Debug|x64
		{AF31EB01-EA52-4B5B-A5E7-29D5B5F8592B}.Debug|x86.ActiveCfg = Debug|Win32
		{AF31EB01-EA52-4B5B-A5E7-29D5B5F8592B}.Debug|x86.Build.0 = Debug|Win32
		{AF31EB01-EA52-4B5B-A5E7-29D5B5F8592B}.Release|x64.ActiveCfg = Release|x64
		{AF31EB01-EA52-4B5B-A5E7-29D5B5F8592B}.Release|x64.Build.0 = Release|x64
		{AF31EB01-EA52-4B5B-A5E7-29D5B5F8592B}.Release|x86.ActiveCfg = Release|Win32
		{AF31EB01-EA52-4B5B-A5E7-29D5B5F8592B}.Release|x86.Build.0 = Release|Win32
		{688CF5DB-0AB8-4707-969C-5805B5E80714}.Debug|x64.ActiveCfg = Debug|x64
		{688CF5DB-0AB8-4707-969C-5805B5E80714}.Debug|x64.Build.0 = Debug|x64
		{688CF5DB-0AB8-4707-969C-5805B5E80714}.Debug|x86.ActiveCfg = Debug|Win32
		{688CF5DB-0AB8-4707-969C-5805B5E80714}.Debug|x86.Build.0 = Debug|Win32
		{688CF5DB-0AB8-4707-969C-5805B5E80714}.Release|x64.ActiveCfg = Release|x64
		{688CF5DB-0AB8-4707-969C-5805B5E80714}.Release|x64.Build.0 = Release|x64
		{688CF5DB-0AB8-4707-969C-5805B5E80714}.Release|x86.ActiveCfg = Release|Win32
		{688CF5DB-0AB8-4707-969C-5805B5E80714}.Release|x86.Build.0 = Release|Win32
		{5E026BAC-2C96-48CD-85AD-D34C01689365}.Debug|x64.ActiveCfg = Debug|x64
		{5E026BAC-2C96-48CD-85AD-D34C01689365}.Debug|x64.Build.0 = Debug|x64
		{5E026BAC-2C96-48CD-85AD-D34C01689365}.Debug|x86.ActiveCfg = Debug|Win32
		{5E026BAC-2C96-48CD-85AD-D34C01689365}.Debug|x86.Build.0 = Debug|Win32
		{5E026BAC-2C96-48CD-85AD-D34C01689365}.Release|x64.ActiveCfg = Release|x64
		{5E026BAC-2C96-48CD-85AD-D34C01689365}.Release|x64.Build.0 = Release|x64
		{5E026BAC-2C96-48CD-85AD-D34C01689365}.Release|x86.ActiveCfg = Release|Win32
		{5E026BAC-2C96-48CD-85AD-D34C01689365}.Release|x86.Build.0 = Release|Win32
		{AE60EC1B-ABAF-4BB2-8434-FE1F74736719}.Debug|x64.ActiveCfg = Debug|x64
		{AE60EC1B-ABAF-4BB2-8434-FE1F74736719}.Debug|x64.Build.0 = Debug|x64
		{AE60EC1B-ABAF-4BB2-8434-FE1F74736719}.Debug|x86.ActiveCfg = Debug|Win32
		{AE60EC1B-ABAF-4BB2-8434-FE1F74736719}.Debug|x86.Build.0 = Debug|Win32
		{AE60EC1B-ABAF-4BB2-8434-FE1F74736719}.Release|x64.ActiveCfg = Release|x64
		{AE60EC1B-ABAF-4BB2-8434-FE1F74736719}.Release|x64.Build.0 = Release|x64
		{AE60EC1B-ABAF-4BB2-8434-FE1F74736719}.Release|x86.ActiveCfg = Release|Win32
		{AE60EC1B-ABAF-4BB2-8434-FE1F74736719}.Release|x86.Build.0 = Release|Win32
		{3E02A01E-AB28-4FEF-8962-3DD2C7132493}.Debug|x64.ActiveCfg = Debug|x64
		{3E02A01E-AB28-4FEF-8962-3DD2C7132493}.Debug|x64.Build.0 = Debug|x64
		{3E02A01E-AB28-4FEF-8962-3DD2C7132493}.Debug|x86.ActiveCfg = Debug|Win32
		{3E02A01E-AB28-4FEF-8962-3DD2C7132493}.Debug|x86.Build.0 = Debug|Win32
		{3E02A01E-AB28-4FEF-8962-3DD2C7132493}.Release|x64.ActiveCfg = Release|x64
		{3E02A01E-AB28-4FEF-8962-3DD2C7132493}.Release|x64.Build.0 = Release|x64
		{3E02A01E-AB28-4FEF-8962-3DD2C7132493}.Release|x86.ActiveCfg = Release|Win32
		{3E02A01E-AB28-4FEF-8962-3DD2C7132493}.Release|x86.Build.0 = Release|Win32
		{E1C7E21F-2D4C-4A79-9A74-29CA37CC8B20}.Debug|x64.ActiveCfg = Debug|x64
		{E1C7E21F-2D4C-4A79-9A74-29CA37CC8B20}.Debug|x64.Build.0 = Debug|x64
		{E1C7E21F-2D4C-4A79-9A74-29CA37CC8B20}.Debug|x86.ActiveCfg = Debug|Win32
		{E1C7E21F-2D4C-4A79-9A74-29CA37CC8B20}.Debug|x86.Build.0 = Debug|Win32
		{E1C7E21F-2D4C-4A79-9A74-29CA37CC8B20}.Release|x64.ActiveCfg = Release|x64
		{E1C7E21F-2D4C-4A79-9A74-29CA37CC8B20}.Release|x64.Build.0 = Release|x64
		{E1C7E21F-2D4C-4A79-9A74-29CA37CC8B20}.Release|x86.ActiveCfg = Release|Win32
		{E1C7E21F-2D4C-4A79-9A74-29CA37CC8B20}.Release|x86.Build.0 = Release|Win32
		{073BE395-753F-461D-85F0-042817E949DE}.Debug|x64.ActiveCfg = Debug|x64
		{073BE395-753F-461D-85F0-042817E949DE}.Debug|x64.Build.0 = Debug|x64
		{073BE395-753F-461D-85F0-042817E949DE}.Debug|x86.ActiveCfg = Debug|Win32
		{073BE395-753F-461D-85F0-042817E949DE}.Debug|x86.Build.0 = Debug|Win32
		{073BE395-753F-461D-85F0-042817E949DE}.Release|x64.ActiveCfg = Release|x64
		{073BE395-753F-461D-85F0-042817E949DE}.Release|x64.Build.0 = Release|x64
		{073BE395-753F-461D-85F0-042817E949DE}.Release|x86.ActiveCfg = Release|Win32
		{073BE395-753F-461D-85F0-042817E949DE}.Release|x86.Build.0 = Release|Win32
		{3B5D351C-D704-4634-AB80-9E3601FE4DA7}.Debug|x64.ActiveCfg = Debug|x64
		{3B5D351C-D704-4634-AB80-9E3601FE4DA7}.Debug|x64.Build.0 = Debug|x64
		{3B5D351C-D704-4634-AB80-9E3601FE4DA7}.Debug|x86.ActiveCfg = Debug|Win32
		{3B5D351C-D704-4634-AB80-9E3601FE4DA7}.Debug|x86.Build.0 = Debug|Win32
		{3B5D351C-D704-4634-AB80-9E3601FE4DA7}.Release|x64.ActiveCfg = Release|x64
		{3B5D351C-D704-4634-AB80-9E3601FE4DA7}.Release|x64.Build.0 = Release|x64
		{3B5D351C-D704-4634-AB80-9E3601FE4DA7}.Release|x86.ActiveCfg = Release|Win32
		{3B5D351C-D704-4634-AB80-9E3601FE4DA7}.Release|x86.Build.0 = Release|Win32
		{F97003EF-6602-4B3A-B297-F0E26DD85B16}.Debug|x64.ActiveCfg = Debug|x64
		{F97003EF-6602-4B3A-B297-F0E26DD85B16}.Debug|x64.Build.0 = Debug|x64
		{F97003EF-6602-4B3A-B297-F0E26DD85B16}.Debug|x86.ActiveCfg = Debug|Win32
		{F97003EF-6602-4B3A-B297-F0E26DD85B16}.Debug|x86.Build.0 = Debug|Win32
		{F97003EF-6602-4B3A-B297-F0E26DD85B16}.Release|x64.ActiveCfg = Release|x64
		{F97003EF-6602-4B3A-B297-F0E26DD85B16}.Release|x64.Build.0 = Release|x64
		{F97003EF-6602-4B3A-B297-F0E26DD85B16}.Release|x86.ActiveCfg = Release|Win32
		{F97003EF-6602-4B3A-B297-F0E26DD85B16}.Release|x86.Build.0 = Release|Win32
		{C18CF447-BED7-4FBC-9EC0-4DD918512A75}.Debug|x64.ActiveCfg = Debug|x64
		{C18CF447-BED7-4FBC-9EC0-4DD918512A75}.Debug|x64.Build.0 = Debug|x64
		{C18CF447-BED7-4FBC-9EC0-4DD918512A75}.Debug|x86.ActiveCfg = Debug|Win32
		{C18CF447-BED7-4FBC-9EC0-4DD918512A75}.Debug|x86.Build.0 = Debug|Win32
		{C18CF447-BED7-4FBC-9EC0-4DD918512A75}.Release|x64.ActiveCfg = Release|x64
		{C18CF447-BED7-4FBC-9EC0-4DD918512A75}.Release|x64.Build.0 = Release|x64
		{C18CF447-BED7-4FBC-9EC0-4DD918512A75}.Release|x86.ActiveCfg = Release|Win32
		{C18CF447-BED7-4FBC-9EC0-4DD918512A75}.Release|x86.Build.0 = Release|Win32
		{74043200-FA12-4605-AFD8-24F01669C0B7}.Debug|x64.ActiveCfg = Debug|x64
		{74043200-FA12-4605-AFD8-24F01669C0B7}.Debug|x64.Build.0 = Debug|x64
		{74043200-FA12-4605-AFD8-24F01669C0B7}.Debug|x86.ActiveCfg = Debug|Win32
		{74043200-FA12-4605-AFD8-24F01669C0B7}.Debug|x86.Build.0 = Debug|Win32
		{74043200-FA12-4605-AFD8-24F01669C0B7}.Release|x64.ActiveCfg = Release|x64
		{74043200-FA12-4605-AFD8-24F01669C0B7}.Release|x64.Build.0 = Release|x64
		{74043200-FA12-4605-AFD8-24F01669C0B7}.Release|x86.ActiveCfg = Release|Win32
		{74043200-FA12-4605-AFD8-24F01669C0B7}.Release|x86.Build.0 = Release|Win32
		{6CA86C0A-5C58-4CC2-9DBF-483D91282BEA}.Debug|x64.ActiveCfg = Debug|x64
		{6CA86C0A-5C58-4CC2-9DBF-483D91282BEA}.Debug|x64.Build.0 = Debug|x64
		{6CA86C0A-5C58-4CC2-9DBF-483D91282BEA}.Debug|x86.ActiveCfg = Debug|Win32
		{6CA86C0A-5C58-4CC2-9DBF-483D91282BEA}.Debug|x86.Build.0 = Debug|Win32
		{6CA86C0A-5C58-4CC2-9DBF-483D91282BEA}.Release|x64.ActiveCfg = Release|x64
		{6CA86C0A-5C58-4CC2-9DBF-483D91282BEA}.Release|x64.Build.0 = Release|x64
		{6CA86C0A-5C58-4CC2-9DBF-483D91282BEA}.Release|x86.ActiveCfg = Release|Win32
		{6CA86C0A-5C58-4CC2-9DBF-483D91282BEA}.Release|x86.Build.0 = Release|Win32
		{9D0C9B7D-E9CF-4B8F-8BAA-AC30BE126341}.Debug|x64.ActiveCfg = Debug|x64
		{9D0C9B7D-E9CF-4B8F-8BAA-AC30BE126341}.Debug|x64.Build.0 = Debug|x64
		{9D0C9B7D-E9CF-4B8F-8BAA-AC30BE126341}.Debug|x86.ActiveCfg = Debug|Win32
		{9D0C9B7D-E9CF-4B8F-8BAA-AC30BE126341}.Debug|x86.Build.0 = Debug|Win32
		{9D0C9B7D-E9CF-4B8F-8BAA-AC30BE126341}.Release|x64.ActiveCfg = Release|x64
		{9D0C9B7D-E9CF-4B8F-8BAA-AC30BE126341}.Release|x64.Build.0 = Release|x64
		{9D0C9B7D-E9CF-4B8F-8BAA-AC30BE126341}.Release|x86.ActiveCfg = Release|Win32
		{9D0C9B7D-E9CF-4B8F-8BAA-AC30BE126341}.Release|x86.Build.0 = Release|Win32
		{A714FFD2-3806-41D7-8656-BD051076070C}.Debug|x64.ActiveCfg = Debug|x64
		{A714FFD2-3806-41D7-8656-BD051076070C}.Debug|x64.Build.0 = Debug|x64
		{A714FFD2-3806-41D7-8656-BD051076070C}.Debug|x86.ActiveCfg = Debug|Win32
		{A714FFD2-3806-41D7-8656-BD051076070C}.Debug|x86.Build.0 = Debug|Win32
		{A714FFD2-3806-41D7-8656-BD051076070C}.Release|x64.ActiveCfg = Release|x64
		{A714FFD2-3806-41D7-8656-BD051076070C}.Release|x64.Build.0 = Release|x64
		{A714FFD2-3806-41D7-8656-BD051076070C}.Release|x86.ActiveCfg = Release|Win32
		{A714FFD2-3806-41D7-8656-BD051076070C}.Release|x86.Build.0 = Release|Win32
		{0EB427E8-4E12-4399-8CDD-356BE8B8573D}.Debug|x64.ActiveCfg = Debug|x64
		{0EB427E8-4E12-4399-8CDD-356BE8B8573D}.Debug|x64.Build.0 = Debug|x64
		{0EB427E8-4E12-4399-8CDD-356BE8B8573D}.Debug|x86.ActiveCfg = Debug|Win32
		{0EB427E8-4E12-4399-8CDD-356BE8B8573D}.Debug|x86.Build.0 = Debug|Win32
		{0EB427E8-4E12-4399-8CDD-356BE8B8573D}.Release|x64.ActiveCfg = Release|x64
		{0EB427E8-4E12-4399-8CDD-356BE8B8573D}.Release|x64.Build.0 = Release|x64
		{0EB427E8-4E12-4399-8CDD-356BE8B8573D}.Release|x86.ActiveCfg = Release|Win32
		{0EB427E8-4E12-4399-8CDD-356BE8B8573D}.Release|x86.Build.0 = Release|Win32
		{DAAD5E07-2B3E-4A90-9EB9-E62357B3F8F9}.Debug|x64.ActiveCfg = Debug|x64
		{DAAD5E07-2B3E-4A90-9EB9-E62357B3F8F9}.Debug|x64.Build.0 = Debug|x64
		{DAAD5E07-2B3E-4A90-9EB9-E62357B3F8F9}.Debug|x86.ActiveCfg = Debug|Win32
		{DAAD5E07-2B3E-4A90-9EB9-E62357B3F8F9}.Debug|x86.Build.0 = Debug|Win32
		{DAAD5E07-2B3E-4A90-9EB9-E62357B3F8F9}.Release|x64.ActiveCfg = Release|x64
		{DAAD5E07-2B3E-4A90-9EB9-E62357B3F8F9}.Release|x64.Build.0 = Release|x64
		{DAAD5E07-2B3E-4A90-9EB9-E62357B3F8F9}.Release|x86.ActiveCfg = Release|Win32
		{DAAD5E07-2B3E-4A90-9EB9-E62357B3F8F9}.Release|x86.Build.0 = Release|Win32
	EndGlobalSection
	GlobalSection(SolutionProperties) = preSolution
		HideSolutionNode = FALSE
	EndGlobalSection
	GlobalSection(ExtensibilityGlobals) = postSolution
		SolutionGuid = {661CC771-B297-49C3-878E-D7BBEC39FD32}
	EndGlobalSection
EndGlobal
